<?xml version="1.0" encoding="utf-8"?>
<Project ToolsVersion="4.0" xmlns="http://schemas.microsoft.com/developer/msbuild/2003">
  <ItemGroup>
    <Filter Include="Fichiers sources">
      <UniqueIdentifier>{4FC737F1-C7A5-4376-A066-2A32D752A2FF}</UniqueIdentifier>
      <Extensions>cpp;c;cc;cxx;c++;cppm;ixx;def;odl;idl;hpj;bat;asm;asmx</Extensions>
    </Filter>
    <Filter Include="Fichiers d%27en-tête">
      <UniqueIdentifier>{93995380-89BD-4b04-88EB-625FBE52EBFB}</UniqueIdentifier>
      <Extensions>h;hh;hpp;hxx;h++;hm;inl;inc;ipp;xsd</Extensions>
    </Filter>
    <Filter Include="Fichiers de ressources">
      <UniqueIdentifier>{67DA6AB6-F800-4c08-8B7A-83BB121AAD01}</UniqueIdentifier>
      <Extensions>rc;ico;cur;bmp;dlg;rc2;rct;bin;rgs;gif;jpg;jpeg;jpe;resx;tiff;tif;png;wav;mfcribbon-ms</Extensions>
    </Filter>
    <Filter Include="Shaders">
      <UniqueIdentifier>{4d977685-d15c-47a6-bc29-a03833fd4d0a}</UniqueIdentifier>
    </Filter>
    <Filter Include="Textures">
      <UniqueIdentifier>{38d592a2-9080-47de-b240-ca4bb5ae46bd}</UniqueIdentifier>
    </Filter>
  </ItemGroup>
  <ItemGroup>
    <ClCompile Include="glad.c">
      <Filter>Fichiers sources</Filter>
    </ClCompile>
    <ClCompile Include="Camera.cpp">
      <Filter>Fichiers sources</Filter>
    </ClCompile>
    <ClCompile Include="D:\Downloads\opengl-tutorials-main\opengl-tutorials-main\YoutubeOpenGL 11 - Types of Light\EBO.cpp">
      <Filter>Fichiers sources</Filter>
    </ClCompile>
    <ClCompile Include="D:\Downloads\opengl-tutorials-main\opengl-tutorials-main\YoutubeOpenGL 11 - Types of Light\Main.cpp">
      <Filter>Fichiers sources</Filter>
    </ClCompile>
    <ClCompile Include="D:\Downloads\opengl-tutorials-main\opengl-tutorials-main\YoutubeOpenGL 11 - Types of Light\shaderClass.cpp">
      <Filter>Fichiers sources</Filter>
    </ClCompile>
    <ClCompile Include="D:\Downloads\opengl-tutorials-main\opengl-tutorials-main\YoutubeOpenGL 11 - Types of Light\stb.cpp">
      <Filter>Fichiers sources</Filter>
    </ClCompile>
    <ClCompile Include="D:\Downloads\opengl-tutorials-main\opengl-tutorials-main\YoutubeOpenGL 11 - Types of Light\Texture.cpp">
      <Filter>Fichiers sources</Filter>
    </ClCompile>
    <ClCompile Include="D:\Downloads\opengl-tutorials-main\opengl-tutorials-main\YoutubeOpenGL 11 - Types of Light\VAO.cpp">
      <Filter>Fichiers sources</Filter>
    </ClCompile>
    <ClCompile Include="D:\Downloads\opengl-tutorials-main\opengl-tutorials-main\YoutubeOpenGL 11 - Types of Light\VBO.cpp">
      <Filter>Fichiers sources</Filter>
    </ClCompile>
  </ItemGroup>
  <ItemGroup>
    <ClInclude Include="Camera.h">
      <Filter>Fichiers d%27en-tête</Filter>
    </ClInclude>
    <ClInclude Include="D:\Downloads\opengl-tutorials-main\opengl-tutorials-main\YoutubeOpenGL 11 - Types of Light\EBO.h">
      <Filter>Fichiers d%27en-tête</Filter>
    </ClInclude>
    <ClInclude Include="D:\Downloads\opengl-tutorials-main\opengl-tutorials-main\YoutubeOpenGL 11 - Types of Light\shaderClass.h">
      <Filter>Fichiers d%27en-tête</Filter>
    </ClInclude>
    <ClInclude Include="D:\Downloads\opengl-tutorials-main\opengl-tutorials-main\YoutubeOpenGL 11 - Types of Light\Texture.h">
      <Filter>Fichiers d%27en-tête</Filter>
    </ClInclude>
    <ClInclude Include="D:\Downloads\opengl-tutorials-main\opengl-tutorials-main\YoutubeOpenGL 11 - Types of Light\VAO.h">
      <Filter>Fichiers d%27en-tête</Filter>
    </ClInclude>
    <ClInclude Include="D:\Downloads\opengl-tutorials-main\opengl-tutorials-main\YoutubeOpenGL 11 - Types of Light\VBO.h">
      <Filter>Fichiers d%27en-tête</Filter>
    </ClInclude>
  </ItemGroup>
  <ItemGroup>
    <None Include="D:\Downloads\opengl-tutorials-main\opengl-tutorials-main\YoutubeOpenGL 11 - Types of Light\default.frag">
      <Filter>Shaders</Filter>
    </None>
    <None Include="D:\Downloads\opengl-tutorials-main\opengl-tutorials-main\YoutubeOpenGL 11 - Types of Light\default.vert">
      <Filter>Shaders</Filter>
    </None>
    <None Include="D:\Downloads\opengl-tutorials-main\opengl-tutorials-main\YoutubeOpenGL 11 - Types of Light\light.frag">
      <Filter>Shaders</Filter>
    </None>
    <None Include="D:\Downloads\opengl-tutorials-main\opengl-tutorials-main\YoutubeOpenGL 11 - Types of Light\light.vert">
      <Filter>Shaders</Filter>
    </None>
  </ItemGroup>
  <ItemGroup>
    <Image Include="..\DemoOpenGL - Textures\planks.png">
      <Filter>Textures</Filter>
    </Image>
    <Image Include="..\DemoOpenGL - Textures\planksSpec.png">
      <Filter>Textures</Filter>
    </Image>
  </ItemGroup>
</Project>